// !$*UTF8*$!
{
	archiveVersion = 1;
	classes = {
	};
	objectVersion = 56;
	objects = {

/* Begin PBXBuildFile section */
		250A9D272AE800A80080E880 /* ProfileView.swift in Sources */ = {isa = PBXBuildFile; fileRef = 250A9D262AE800A80080E880 /* ProfileView.swift */; };
		250A9D292AE800DB0080E880 /* TodoListView.swift in Sources */ = {isa = PBXBuildFile; fileRef = 250A9D282AE800DB0080E880 /* TodoListView.swift */; };
		250A9D2B2AE801080080E880 /* TLButton.swift in Sources */ = {isa = PBXBuildFile; fileRef = 250A9D2A2AE801080080E880 /* TLButton.swift */; };
		250A9D2D2AE8012C0080E880 /* LoginView.swift in Sources */ = {isa = PBXBuildFile; fileRef = 250A9D2C2AE8012C0080E880 /* LoginView.swift */; };
		250A9D2F2AE801490080E880 /* RegisterView.swift in Sources */ = {isa = PBXBuildFile; fileRef = 250A9D2E2AE801490080E880 /* RegisterView.swift */; };
		250A9D312AE8018B0080E880 /* ListItemView.swift in Sources */ = {isa = PBXBuildFile; fileRef = 250A9D302AE8018B0080E880 /* ListItemView.swift */; };
		250A9D362AE802560080E880 /* User.swift in Sources */ = {isa = PBXBuildFile; fileRef = 250A9D352AE802560080E880 /* User.swift */; };
		250A9D382AE802870080E880 /* TodoItem.swift in Sources */ = {isa = PBXBuildFile; fileRef = 250A9D372AE802870080E880 /* TodoItem.swift */; };
		250A9D3A2AE802C30080E880 /* MainViewViewModel.swift in Sources */ = {isa = PBXBuildFile; fileRef = 250A9D392AE802C30080E880 /* MainViewViewModel.swift */; };
		250A9D3C2AE802F30080E880 /* ProfileViewViewModel.swift in Sources */ = {isa = PBXBuildFile; fileRef = 250A9D3B2AE802F30080E880 /* ProfileViewViewModel.swift */; };
		250A9D3E2AE803250080E880 /* TodoListViewViewModel.swift in Sources */ = {isa = PBXBuildFile; fileRef = 250A9D3D2AE803250080E880 /* TodoListViewViewModel.swift */; };
		250A9D422AE803670080E880 /* LoginViewViewModel.swift in Sources */ = {isa = PBXBuildFile; fileRef = 250A9D412AE803670080E880 /* LoginViewViewModel.swift */; };
		250A9D442AE803790080E880 /* RegisterViewViewModel.swift in Sources */ = {isa = PBXBuildFile; fileRef = 250A9D432AE803790080E880 /* RegisterViewViewModel.swift */; };
		250A9D462AE804220080E880 /* ListItemViewViewModel.swift in Sources */ = {isa = PBXBuildFile; fileRef = 250A9D452AE804220080E880 /* ListItemViewViewModel.swift */; };
		250A9D482AE81E2E0080E880 /* HeaderView.swift in Sources */ = {isa = PBXBuildFile; fileRef = 250A9D472AE81E2E0080E880 /* HeaderView.swift */; };
		253A5FBE2AE72E3E0060E78E /* TodoListApp.swift in Sources */ = {isa = PBXBuildFile; fileRef = 253A5FBD2AE72E3E0060E78E /* TodoListApp.swift */; };
		253A5FC02AE72E3E0060E78E /* MainView.swift in Sources */ = {isa = PBXBuildFile; fileRef = 253A5FBF2AE72E3E0060E78E /* MainView.swift */; };
		253A5FC22AE72E430060E78E /* Assets.xcassets in Resources */ = {isa = PBXBuildFile; fileRef = 253A5FC12AE72E430060E78E /* Assets.xcassets */; };
		253A5FC52AE72E430060E78E /* Preview Assets.xcassets in Resources */ = {isa = PBXBuildFile; fileRef = 253A5FC42AE72E430060E78E /* Preview Assets.xcassets */; };
		253A5FCF2AE72E440060E78E /* TodoListTests.swift in Sources */ = {isa = PBXBuildFile; fileRef = 253A5FCE2AE72E440060E78E /* TodoListTests.swift */; };
		253A5FD92AE72E440060E78E /* TodoListUITests.swift in Sources */ = {isa = PBXBuildFile; fileRef = 253A5FD82AE72E440060E78E /* TodoListUITests.swift */; };
		253A5FDB2AE72E440060E78E /* TodoListUITestsLaunchTests.swift in Sources */ = {isa = PBXBuildFile; fileRef = 253A5FDA2AE72E440060E78E /* TodoListUITestsLaunchTests.swift */; };
		253A5FE92AE731E20060E78E /* FirebaseAuth in Frameworks */ = {isa = PBXBuildFile; productRef = 253A5FE82AE731E20060E78E /* FirebaseAuth */; };
		253A5FEB2AE731E20060E78E /* FirebaseFirestore in Frameworks */ = {isa = PBXBuildFile; productRef = 253A5FEA2AE731E20060E78E /* FirebaseFirestore */; };
		253A5FED2AE731E20060E78E /* FirebaseFirestoreSwift in Frameworks */ = {isa = PBXBuildFile; productRef = 253A5FEC2AE731E20060E78E /* FirebaseFirestoreSwift */; };
		256740552AF2C2710079166E /* Extension.swift in Sources */ = {isa = PBXBuildFile; fileRef = 256740542AF2C2710079166E /* Extension.swift */; };
		2572D04B2AFA9D0F00186990 /* NewItemView.swift in Sources */ = {isa = PBXBuildFile; fileRef = 2572D04A2AFA9D0F00186990 /* NewItemView.swift */; };
		2572D04D2AFA9E4C00186990 /* NewItemViewModel.swift in Sources */ = {isa = PBXBuildFile; fileRef = 2572D04C2AFA9E4C00186990 /* NewItemViewModel.swift */; };
		25D5D9062AE754D40087FE53 /* GoogleService-Info.plist in Resources */ = {isa = PBXBuildFile; fileRef = 25D5D9052AE754D40087FE53 /* GoogleService-Info.plist */; };
/* End PBXBuildFile section */

/* Begin PBXContainerItemProxy section */
		253A5FCB2AE72E440060E78E /* PBXContainerItemProxy */ = {
			isa = PBXContainerItemProxy;
			containerPortal = 253A5FB22AE72E3E0060E78E /* Project object */;
			proxyType = 1;
			remoteGlobalIDString = 253A5FB92AE72E3E0060E78E;
			remoteInfo = TodoList;
		};
		253A5FD52AE72E440060E78E /* PBXContainerItemProxy */ = {
			isa = PBXContainerItemProxy;
			containerPortal = 253A5FB22AE72E3E0060E78E /* Project object */;
			proxyType = 1;
			remoteGlobalIDString = 253A5FB92AE72E3E0060E78E;
			remoteInfo = TodoList;
		};
/* End PBXContainerItemProxy section */

/* Begin PBXFileReference section */
		250A9D262AE800A80080E880 /* ProfileView.swift */ = {isa = PBXFileReference; lastKnownFileType = sourcecode.swift; path = ProfileView.swift; sourceTree = "<group>"; };
		250A9D282AE800DB0080E880 /* TodoListView.swift */ = {isa = PBXFileReference; lastKnownFileType = sourcecode.swift; path = TodoListView.swift; sourceTree = "<group>"; };
		250A9D2A2AE801080080E880 /* TLButton.swift */ = {isa = PBXFileReference; lastKnownFileType = sourcecode.swift; path = TLButton.swift; sourceTree = "<group>"; };
		250A9D2C2AE8012C0080E880 /* LoginView.swift */ = {isa = PBXFileReference; lastKnownFileType = sourcecode.swift; path = LoginView.swift; sourceTree = "<group>"; };
		250A9D2E2AE801490080E880 /* RegisterView.swift */ = {isa = PBXFileReference; lastKnownFileType = sourcecode.swift; path = RegisterView.swift; sourceTree = "<group>"; };
		250A9D302AE8018B0080E880 /* ListItemView.swift */ = {isa = PBXFileReference; lastKnownFileType = sourcecode.swift; path = ListItemView.swift; sourceTree = "<group>"; };
		250A9D352AE802560080E880 /* User.swift */ = {isa = PBXFileReference; lastKnownFileType = sourcecode.swift; path = User.swift; sourceTree = "<group>"; };
		250A9D372AE802870080E880 /* TodoItem.swift */ = {isa = PBXFileReference; lastKnownFileType = sourcecode.swift; path = TodoItem.swift; sourceTree = "<group>"; };
		250A9D392AE802C30080E880 /* MainViewViewModel.swift */ = {isa = PBXFileReference; lastKnownFileType = sourcecode.swift; path = MainViewViewModel.swift; sourceTree = "<group>"; };
		250A9D3B2AE802F30080E880 /* ProfileViewViewModel.swift */ = {isa = PBXFileReference; lastKnownFileType = sourcecode.swift; path = ProfileViewViewModel.swift; sourceTree = "<group>"; };
		250A9D3D2AE803250080E880 /* TodoListViewViewModel.swift */ = {isa = PBXFileReference; lastKnownFileType = sourcecode.swift; path = TodoListViewViewModel.swift; sourceTree = "<group>"; };
		250A9D412AE803670080E880 /* LoginViewViewModel.swift */ = {isa = PBXFileReference; lastKnownFileType = sourcecode.swift; path = LoginViewViewModel.swift; sourceTree = "<group>"; };
		250A9D432AE803790080E880 /* RegisterViewViewModel.swift */ = {isa = PBXFileReference; lastKnownFileType = sourcecode.swift; path = RegisterViewViewModel.swift; sourceTree = "<group>"; };
		250A9D452AE804220080E880 /* ListItemViewViewModel.swift */ = {isa = PBXFileReference; lastKnownFileType = sourcecode.swift; path = ListItemViewViewModel.swift; sourceTree = "<group>"; };
		250A9D472AE81E2E0080E880 /* HeaderView.swift */ = {isa = PBXFileReference; lastKnownFileType = sourcecode.swift; path = HeaderView.swift; sourceTree = "<group>"; };
		253A5FBA2AE72E3E0060E78E /* TodoList.app */ = {isa = PBXFileReference; explicitFileType = wrapper.application; includeInIndex = 0; path = TodoList.app; sourceTree = BUILT_PRODUCTS_DIR; };
		253A5FBD2AE72E3E0060E78E /* TodoListApp.swift */ = {isa = PBXFileReference; lastKnownFileType = sourcecode.swift; path = TodoListApp.swift; sourceTree = "<group>"; };
		253A5FBF2AE72E3E0060E78E /* MainView.swift */ = {isa = PBXFileReference; lastKnownFileType = sourcecode.swift; path = MainView.swift; sourceTree = "<group>"; };
		253A5FC12AE72E430060E78E /* Assets.xcassets */ = {isa = PBXFileReference; lastKnownFileType = folder.assetcatalog; path = Assets.xcassets; sourceTree = "<group>"; };
		253A5FC42AE72E430060E78E /* Preview Assets.xcassets */ = {isa = PBXFileReference; lastKnownFileType = folder.assetcatalog; path = "Preview Assets.xcassets"; sourceTree = "<group>"; };
		253A5FCA2AE72E440060E78E /* TodoListTests.xctest */ = {isa = PBXFileReference; explicitFileType = wrapper.cfbundle; includeInIndex = 0; path = TodoListTests.xctest; sourceTree = BUILT_PRODUCTS_DIR; };
		253A5FCE2AE72E440060E78E /* TodoListTests.swift */ = {isa = PBXFileReference; lastKnownFileType = sourcecode.swift; path = TodoListTests.swift; sourceTree = "<group>"; };
		253A5FD42AE72E440060E78E /* TodoListUITests.xctest */ = {isa = PBXFileReference; explicitFileType = wrapper.cfbundle; includeInIndex = 0; path = TodoListUITests.xctest; sourceTree = BUILT_PRODUCTS_DIR; };
		253A5FD82AE72E440060E78E /* TodoListUITests.swift */ = {isa = PBXFileReference; lastKnownFileType = sourcecode.swift; path = TodoListUITests.swift; sourceTree = "<group>"; };
		253A5FDA2AE72E440060E78E /* TodoListUITestsLaunchTests.swift */ = {isa = PBXFileReference; lastKnownFileType = sourcecode.swift; path = TodoListUITestsLaunchTests.swift; sourceTree = "<group>"; };
		256740542AF2C2710079166E /* Extension.swift */ = {isa = PBXFileReference; lastKnownFileType = sourcecode.swift; path = Extension.swift; sourceTree = "<group>"; };
		2572D04A2AFA9D0F00186990 /* NewItemView.swift */ = {isa = PBXFileReference; lastKnownFileType = sourcecode.swift; path = NewItemView.swift; sourceTree = "<group>"; };
		2572D04C2AFA9E4C00186990 /* NewItemViewModel.swift */ = {isa = PBXFileReference; lastKnownFileType = sourcecode.swift; path = NewItemViewModel.swift; sourceTree = "<group>"; };
		25D5D9052AE754D40087FE53 /* GoogleService-Info.plist */ = {isa = PBXFileReference; fileEncoding = 4; lastKnownFileType = text.plist.xml; path = "GoogleService-Info.plist"; sourceTree = "<group>"; };
/* End PBXFileReference section */

/* Begin PBXFrameworksBuildPhase section */
		253A5FB72AE72E3E0060E78E /* Frameworks */ = {
			isa = PBXFrameworksBuildPhase;
			buildActionMask = 2147483647;
			files = (
				253A5FE92AE731E20060E78E /* FirebaseAuth in Frameworks */,
				253A5FEB2AE731E20060E78E /* FirebaseFirestore in Frameworks */,
				253A5FED2AE731E20060E78E /* FirebaseFirestoreSwift in Frameworks */,
			);
			runOnlyForDeploymentPostprocessing = 0;
		};
		253A5FC72AE72E440060E78E /* Frameworks */ = {
			isa = PBXFrameworksBuildPhase;
			buildActionMask = 2147483647;
			files = (
			);
			runOnlyForDeploymentPostprocessing = 0;
		};
		253A5FD12AE72E440060E78E /* Frameworks */ = {
			isa = PBXFrameworksBuildPhase;
			buildActionMask = 2147483647;
			files = (
			);
			runOnlyForDeploymentPostprocessing = 0;
		};
/* End PBXFrameworksBuildPhase section */

/* Begin PBXGroup section */
		250A9D222AE7FDBD0080E880 /* Views */ = {
			isa = PBXGroup;
			children = (
				253A5FBF2AE72E3E0060E78E /* MainView.swift */,
				250A9D262AE800A80080E880 /* ProfileView.swift */,
				250A9D282AE800DB0080E880 /* TodoListView.swift */,
				250A9D2A2AE801080080E880 /* TLButton.swift */,
				250A9D2C2AE8012C0080E880 /* LoginView.swift */,
				250A9D2E2AE801490080E880 /* RegisterView.swift */,
				250A9D302AE8018B0080E880 /* ListItemView.swift */,
				250A9D472AE81E2E0080E880 /* HeaderView.swift */,
				2572D04A2AFA9D0F00186990 /* NewItemView.swift */,
			);
			path = Views;
			sourceTree = "<group>";
		};
		250A9D232AE7FDCD0080E880 /* ViewModels */ = {
			isa = PBXGroup;
			children = (
				250A9D392AE802C30080E880 /* MainViewViewModel.swift */,
				250A9D3B2AE802F30080E880 /* ProfileViewViewModel.swift */,
				250A9D3D2AE803250080E880 /* TodoListViewViewModel.swift */,
				250A9D412AE803670080E880 /* LoginViewViewModel.swift */,
				250A9D432AE803790080E880 /* RegisterViewViewModel.swift */,
				250A9D452AE804220080E880 /* ListItemViewViewModel.swift */,
				2572D04C2AFA9E4C00186990 /* NewItemViewModel.swift */,
			);
			path = ViewModels;
			sourceTree = "<group>";
		};
		250A9D242AE7FF090080E880 /* Models */ = {
			isa = PBXGroup;
			children = (
				250A9D352AE802560080E880 /* User.swift */,
				250A9D372AE802870080E880 /* TodoItem.swift */,
			);
			path = Models;
			sourceTree = "<group>";
		};
		250A9D252AE7FF2A0080E880 /* Other */ = {
			isa = PBXGroup;
			children = (
				253A5FC12AE72E430060E78E /* Assets.xcassets */,
				25D5D9052AE754D40087FE53 /* GoogleService-Info.plist */,
				253A5FBD2AE72E3E0060E78E /* TodoListApp.swift */,
				256740542AF2C2710079166E /* Extension.swift */,
			);
			path = Other;
			sourceTree = "<group>";
		};
		253A5FB12AE72E3E0060E78E = {
			isa = PBXGroup;
			children = (
				253A5FBC2AE72E3E0060E78E /* TodoList */,
				253A5FCD2AE72E440060E78E /* TodoListTests */,
				253A5FD72AE72E440060E78E /* TodoListUITests */,
				253A5FBB2AE72E3E0060E78E /* Products */,
			);
			sourceTree = "<group>";
		};
		253A5FBB2AE72E3E0060E78E /* Products */ = {
			isa = PBXGroup;
			children = (
				253A5FBA2AE72E3E0060E78E /* TodoList.app */,
				253A5FCA2AE72E440060E78E /* TodoListTests.xctest */,
				253A5FD42AE72E440060E78E /* TodoListUITests.xctest */,
			);
			name = Products;
			sourceTree = "<group>";
		};
		253A5FBC2AE72E3E0060E78E /* TodoList */ = {
			isa = PBXGroup;
			children = (
				250A9D252AE7FF2A0080E880 /* Other */,
				250A9D242AE7FF090080E880 /* Models */,
				250A9D232AE7FDCD0080E880 /* ViewModels */,
				250A9D222AE7FDBD0080E880 /* Views */,
				253A5FC32AE72E430060E78E /* Preview Content */,
			);
			path = TodoList;
			sourceTree = "<group>";
		};
		253A5FC32AE72E430060E78E /* Preview Content */ = {
			isa = PBXGroup;
			children = (
				253A5FC42AE72E430060E78E /* Preview Assets.xcassets */,
			);
			path = "Preview Content";
			sourceTree = "<group>";
		};
		253A5FCD2AE72E440060E78E /* TodoListTests */ = {
			isa = PBXGroup;
			children = (
				253A5FCE2AE72E440060E78E /* TodoListTests.swift */,
			);
			path = TodoListTests;
			sourceTree = "<group>";
		};
		253A5FD72AE72E440060E78E /* TodoListUITests */ = {
			isa = PBXGroup;
			children = (
				253A5FD82AE72E440060E78E /* TodoListUITests.swift */,
				253A5FDA2AE72E440060E78E /* TodoListUITestsLaunchTests.swift */,
			);
			path = TodoListUITests;
			sourceTree = "<group>";
		};
/* End PBXGroup section */

/* Begin PBXNativeTarget section */
		253A5FB92AE72E3E0060E78E /* TodoList */ = {
			isa = PBXNativeTarget;
			buildConfigurationList = 253A5FDE2AE72E440060E78E /* Build configuration list for PBXNativeTarget "TodoList" */;
			buildPhases = (
				253A5FB62AE72E3E0060E78E /* Sources */,
				253A5FB72AE72E3E0060E78E /* Frameworks */,
				253A5FB82AE72E3E0060E78E /* Resources */,
			);
			buildRules = (
			);
			dependencies = (
			);
			name = TodoList;
			packageProductDependencies = (
				253A5FE82AE731E20060E78E /* FirebaseAuth */,
				253A5FEA2AE731E20060E78E /* FirebaseFirestore */,
				253A5FEC2AE731E20060E78E /* FirebaseFirestoreSwift */,
			);
			productName = TodoList;
			productReference = 253A5FBA2AE72E3E0060E78E /* TodoList.app */;
			productType = "com.apple.product-type.application";
		};
		253A5FC92AE72E440060E78E /* TodoListTests */ = {
			isa = PBXNativeTarget;
			buildConfigurationList = 253A5FE12AE72E440060E78E /* Build configuration list for PBXNativeTarget "TodoListTests" */;
			buildPhases = (
				253A5FC62AE72E440060E78E /* Sources */,
				253A5FC72AE72E440060E78E /* Frameworks */,
				253A5FC82AE72E440060E78E /* Resources */,
			);
			buildRules = (
			);
			dependencies = (
				253A5FCC2AE72E440060E78E /* PBXTargetDependency */,
			);
			name = TodoListTests;
			productName = TodoListTests;
			productReference = 253A5FCA2AE72E440060E78E /* TodoListTests.xctest */;
			productType = "com.apple.product-type.bundle.unit-test";
		};
		253A5FD32AE72E440060E78E /* TodoListUITests */ = {
			isa = PBXNativeTarget;
			buildConfigurationList = 253A5FE42AE72E440060E78E /* Build configuration list for PBXNativeTarget "TodoListUITests" */;
			buildPhases = (
				253A5FD02AE72E440060E78E /* Sources */,
				253A5FD12AE72E440060E78E /* Frameworks */,
				253A5FD22AE72E440060E78E /* Resources */,
			);
			buildRules = (
			);
			dependencies = (
				253A5FD62AE72E440060E78E /* PBXTargetDependency */,
			);
			name = TodoListUITests;
			productName = TodoListUITests;
			productReference = 253A5FD42AE72E440060E78E /* TodoListUITests.xctest */;
			productType = "com.apple.product-type.bundle.ui-testing";
		};
/* End PBXNativeTarget section */

/* Begin PBXProject section */
		253A5FB22AE72E3E0060E78E /* Project object */ = {
			isa = PBXProject;
			attributes = {
				BuildIndependentTargetsInParallel = 1;
				LastSwiftUpdateCheck = 1500;
				LastUpgradeCheck = 1500;
				TargetAttributes = {
					253A5FB92AE72E3E0060E78E = {
						CreatedOnToolsVersion = 15.0.1;
					};
					253A5FC92AE72E440060E78E = {
						CreatedOnToolsVersion = 15.0.1;
						TestTargetID = 253A5FB92AE72E3E0060E78E;
					};
					253A5FD32AE72E440060E78E = {
						CreatedOnToolsVersion = 15.0.1;
						TestTargetID = 253A5FB92AE72E3E0060E78E;
					};
				};
			};
			buildConfigurationList = 253A5FB52AE72E3E0060E78E /* Build configuration list for PBXProject "TodoList" */;
			compatibilityVersion = "Xcode 14.0";
			developmentRegion = en;
			hasScannedForEncodings = 0;
			knownRegions = (
				en,
				Base,
			);
			mainGroup = 253A5FB12AE72E3E0060E78E;
			packageReferences = (
				253A5FE72AE731E20060E78E /* XCRemoteSwiftPackageReference "firebase-ios-sdk" */,
			);
			productRefGroup = 253A5FBB2AE72E3E0060E78E /* Products */;
			projectDirPath = "";
			projectRoot = "";
			targets = (
				253A5FB92AE72E3E0060E78E /* TodoList */,
				253A5FC92AE72E440060E78E /* TodoListTests */,
				253A5FD32AE72E440060E78E /* TodoListUITests */,
			);
		};
/* End PBXProject section */

/* Begin PBXResourcesBuildPhase section */
		253A5FB82AE72E3E0060E78E /* Resources */ = {
			isa = PBXResourcesBuildPhase;
			buildActionMask = 2147483647;
			files = (
				253A5FC52AE72E430060E78E /* Preview Assets.xcassets in Resources */,
				253A5FC22AE72E430060E78E /* Assets.xcassets in Resources */,
				25D5D9062AE754D40087FE53 /* GoogleService-Info.plist in Resources */,
			);
			runOnlyForDeploymentPostprocessing = 0;
		};
		253A5FC82AE72E440060E78E /* Resources */ = {
			isa = PBXResourcesBuildPhase;
			buildActionMask = 2147483647;
			files = (
			);
			runOnlyForDeploymentPostprocessing = 0;
		};
		253A5FD22AE72E440060E78E /* Resources */ = {
			isa = PBXResourcesBuildPhase;
			buildActionMask = 2147483647;
			files = (
			);
			runOnlyForDeploymentPostprocessing = 0;
		};
/* End PBXResourcesBuildPhase section */

/* Begin PBXSourcesBuildPhase section */
		253A5FB62AE72E3E0060E78E /* Sources */ = {
			isa = PBXSourcesBuildPhase;
			buildActionMask = 2147483647;
			files = (
				250A9D382AE802870080E880 /* TodoItem.swift in Sources */,
				250A9D482AE81E2E0080E880 /* HeaderView.swift in Sources */,
				2572D04D2AFA9E4C00186990 /* NewItemViewModel.swift in Sources */,
				250A9D462AE804220080E880 /* ListItemViewViewModel.swift in Sources */,
				250A9D2D2AE8012C0080E880 /* LoginView.swift in Sources */,
				250A9D442AE803790080E880 /* RegisterViewViewModel.swift in Sources */,
				250A9D3A2AE802C30080E880 /* MainViewViewModel.swift in Sources */,
				2572D04B2AFA9D0F00186990 /* NewItemView.swift in Sources */,
				253A5FC02AE72E3E0060E78E /* MainView.swift in Sources */,
				250A9D292AE800DB0080E880 /* TodoListView.swift in Sources */,
				250A9D2F2AE801490080E880 /* RegisterView.swift in Sources */,
				256740552AF2C2710079166E /* Extension.swift in Sources */,
				250A9D3C2AE802F30080E880 /* ProfileViewViewModel.swift in Sources */,
				250A9D272AE800A80080E880 /* ProfileView.swift in Sources */,
				250A9D3E2AE803250080E880 /* TodoListViewViewModel.swift in Sources */,
				250A9D362AE802560080E880 /* User.swift in Sources */,
				250A9D422AE803670080E880 /* LoginViewViewModel.swift in Sources */,
				250A9D312AE8018B0080E880 /* ListItemView.swift in Sources */,
				253A5FBE2AE72E3E0060E78E /* TodoListApp.swift in Sources */,
				250A9D2B2AE801080080E880 /* TLButton.swift in Sources */,
			);
			runOnlyForDeploymentPostprocessing = 0;
		};
		253A5FC62AE72E440060E78E /* Sources */ = {
			isa = PBXSourcesBuildPhase;
			buildActionMask = 2147483647;
			files = (
				253A5FCF2AE72E440060E78E /* TodoListTests.swift in Sources */,
			);
			runOnlyForDeploymentPostprocessing = 0;
		};
		253A5FD02AE72E440060E78E /* Sources */ = {
			isa = PBXSourcesBuildPhase;
			buildActionMask = 2147483647;
			files = (
				253A5FDB2AE72E440060E78E /* TodoListUITestsLaunchTests.swift in Sources */,
				253A5FD92AE72E440060E78E /* TodoListUITests.swift in Sources */,
			);
			runOnlyForDeploymentPostprocessing = 0;
		};
/* End PBXSourcesBuildPhase section */

/* Begin PBXTargetDependency section */
		253A5FCC2AE72E440060E78E /* PBXTargetDependency */ = {
			isa = PBXTargetDependency;
			target = 253A5FB92AE72E3E0060E78E /* TodoList */;
			targetProxy = 253A5FCB2AE72E440060E78E /* PBXContainerItemProxy */;
		};
		253A5FD62AE72E440060E78E /* PBXTargetDependency */ = {
			isa = PBXTargetDependency;
			target = 253A5FB92AE72E3E0060E78E /* TodoList */;
			targetProxy = 253A5FD52AE72E440060E78E /* PBXContainerItemProxy */;
		};
/* End PBXTargetDependency section */

/* Begin XCBuildConfiguration section */
		253A5FDC2AE72E440060E78E /* Debug */ = {
			isa = XCBuildConfiguration;
			buildSettings = {
				ALWAYS_SEARCH_USER_PATHS = NO;
				ASSETCATALOG_COMPILER_GENERATE_SWIFT_ASSET_SYMBOL_EXTENSIONS = YES;
				CLANG_ANALYZER_NONNULL = YES;
				CLANG_ANALYZER_NUMBER_OBJECT_CONVERSION = YES_AGGRESSIVE;
				CLANG_CXX_LANGUAGE_STANDARD = "gnu++20";
				CLANG_ENABLE_MODULES = YES;
				CLANG_ENABLE_OBJC_ARC = YES;
				CLANG_ENABLE_OBJC_WEAK = YES;
				CLANG_WARN_BLOCK_CAPTURE_AUTORELEASING = YES;
				CLANG_WARN_BOOL_CONVERSION = YES;
				CLANG_WARN_COMMA = YES;
				CLANG_WARN_CONSTANT_CONVERSION = YES;
				CLANG_WARN_DEPRECATED_OBJC_IMPLEMENTATIONS = YES;
				CLANG_WARN_DIRECT_OBJC_ISA_USAGE = YES_ERROR;
				CLANG_WARN_DOCUMENTATION_COMMENTS = YES;
				CLANG_WARN_EMPTY_BODY = YES;
				CLANG_WARN_ENUM_CONVERSION = YES;
				CLANG_WARN_INFINITE_RECURSION = YES;
				CLANG_WARN_INT_CONVERSION = YES;
				CLANG_WARN_NON_LITERAL_NULL_CONVERSION = YES;
				CLANG_WARN_OBJC_IMPLICIT_RETAIN_SELF = YES;
				CLANG_WARN_OBJC_LITERAL_CONVERSION = YES;
				CLANG_WARN_OBJC_ROOT_CLASS = YES_ERROR;
				CLANG_WARN_QUOTED_INCLUDE_IN_FRAMEWORK_HEADER = YES;
				CLANG_WARN_RANGE_LOOP_ANALYSIS = YES;
				CLANG_WARN_STRICT_PROTOTYPES = YES;
				CLANG_WARN_SUSPICIOUS_MOVE = YES;
				CLANG_WARN_UNGUARDED_AVAILABILITY = YES_AGGRESSIVE;
				CLANG_WARN_UNREACHABLE_CODE = YES;
				CLANG_WARN__DUPLICATE_METHOD_MATCH = YES;
				COPY_PHASE_STRIP = NO;
				DEBUG_INFORMATION_FORMAT = dwarf;
				ENABLE_STRICT_OBJC_MSGSEND = YES;
				ENABLE_TESTABILITY = YES;
				ENABLE_USER_SCRIPT_SANDBOXING = YES;
				GCC_C_LANGUAGE_STANDARD = gnu17;
				GCC_DYNAMIC_NO_PIC = NO;
				GCC_NO_COMMON_BLOCKS = YES;
				GCC_OPTIMIZATION_LEVEL = 0;
				GCC_PREPROCESSOR_DEFINITIONS = (
					"DEBUG=1",
					"$(inherited)",
				);
				GCC_WARN_64_TO_32_BIT_CONVERSION = YES;
				GCC_WARN_ABOUT_RETURN_TYPE = YES_ERROR;
				GCC_WARN_UNDECLARED_SELECTOR = YES;
				GCC_WARN_UNINITIALIZED_AUTOS = YES_AGGRESSIVE;
				GCC_WARN_UNUSED_FUNCTION = YES;
				GCC_WARN_UNUSED_VARIABLE = YES;
				IPHONEOS_DEPLOYMENT_TARGET = 17.0;
				LOCALIZATION_PREFERS_STRING_CATALOGS = YES;
				MTL_ENABLE_DEBUG_INFO = INCLUDE_SOURCE;
				MTL_FAST_MATH = YES;
				ONLY_ACTIVE_ARCH = YES;
				SDKROOT = iphoneos;
				SWIFT_ACTIVE_COMPILATION_CONDITIONS = "DEBUG $(inherited)";
				SWIFT_OPTIMIZATION_LEVEL = "-Onone";
			};
			name = Debug;
		};
		253A5FDD2AE72E440060E78E /* Release */ = {
			isa = XCBuildConfiguration;
			buildSettings = {
				ALWAYS_SEARCH_USER_PATHS = NO;
				ASSETCATALOG_COMPILER_GENERATE_SWIFT_ASSET_SYMBOL_EXTENSIONS = YES;
				CLANG_ANALYZER_NONNULL = YES;
				CLANG_ANALYZER_NUMBER_OBJECT_CONVERSION = YES_AGGRESSIVE;
				CLANG_CXX_LANGUAGE_STANDARD = "gnu++20";
				CLANG_ENABLE_MODULES = YES;
				CLANG_ENABLE_OBJC_ARC = YES;
				CLANG_ENABLE_OBJC_WEAK = YES;
				CLANG_WARN_BLOCK_CAPTURE_AUTORELEASING = YES;
				CLANG_WARN_BOOL_CONVERSION = YES;
				CLANG_WARN_COMMA = YES;
				CLANG_WARN_CONSTANT_CONVERSION = YES;
				CLANG_WARN_DEPRECATED_OBJC_IMPLEMENTATIONS = YES;
				CLANG_WARN_DIRECT_OBJC_ISA_USAGE = YES_ERROR;
				CLANG_WARN_DOCUMENTATION_COMMENTS = YES;
				CLANG_WARN_EMPTY_BODY = YES;
				CLANG_WARN_ENUM_CONVERSION = YES;
				CLANG_WARN_INFINITE_RECURSION = YES;
				CLANG_WARN_INT_CONVERSION = YES;
				CLANG_WARN_NON_LITERAL_NULL_CONVERSION = YES;
				CLANG_WARN_OBJC_IMPLICIT_RETAIN_SELF = YES;
				CLANG_WARN_OBJC_LITERAL_CONVERSION = YES;
				CLANG_WARN_OBJC_ROOT_CLASS = YES_ERROR;
				CLANG_WARN_QUOTED_INCLUDE_IN_FRAMEWORK_HEADER = YES;
				CLANG_WARN_RANGE_LOOP_ANALYSIS = YES;
				CLANG_WARN_STRICT_PROTOTYPES = YES;
				CLANG_WARN_SUSPICIOUS_MOVE = YES;
				CLANG_WARN_UNGUARDED_AVAILABILITY = YES_AGGRESSIVE;
				CLANG_WARN_UNREACHABLE_CODE = YES;
				CLANG_WARN__DUPLICATE_METHOD_MATCH = YES;
				COPY_PHASE_STRIP = NO;
				DEBUG_INFORMATION_FORMAT = "dwarf-with-dsym";
				ENABLE_NS_ASSERTIONS = NO;
				ENABLE_STRICT_OBJC_MSGSEND = YES;
				ENABLE_USER_SCRIPT_SANDBOXING = YES;
				GCC_C_LANGUAGE_STANDARD = gnu17;
				GCC_NO_COMMON_BLOCKS = YES;
				GCC_WARN_64_TO_32_BIT_CONVERSION = YES;
				GCC_WARN_ABOUT_RETURN_TYPE = YES_ERROR;
				GCC_WARN_UNDECLARED_SELECTOR = YES;
				GCC_WARN_UNINITIALIZED_AUTOS = YES_AGGRESSIVE;
				GCC_WARN_UNUSED_FUNCTION = YES;
				GCC_WARN_UNUSED_VARIABLE = YES;
				IPHONEOS_DEPLOYMENT_TARGET = 17.0;
				LOCALIZATION_PREFERS_STRING_CATALOGS = YES;
				MTL_ENABLE_DEBUG_INFO = NO;
				MTL_FAST_MATH = YES;
				SDKROOT = iphoneos;
				SWIFT_COMPILATION_MODE = wholemodule;
				VALIDATE_PRODUCT = YES;
			};
			name = Release;
		};
		253A5FDF2AE72E440060E78E /* Debug */ = {
			isa = XCBuildConfiguration;
			buildSettings = {
				ASSETCATALOG_COMPILER_APPICON_NAME = AppIcon;
				ASSETCATALOG_COMPILER_GLOBAL_ACCENT_COLOR_NAME = AccentColor;
				CODE_SIGN_STYLE = Automatic;
				CURRENT_PROJECT_VERSION = 1;
				DEVELOPMENT_ASSET_PATHS = "\"TodoList/Preview Content\"";
				ENABLE_PREVIEWS = YES;
				GENERATE_INFOPLIST_FILE = YES;
				INFOPLIST_KEY_CFBundleDisplayName = "To do List";
				INFOPLIST_KEY_LSApplicationCategoryType = "public.app-category.utilities";
				INFOPLIST_KEY_UIApplicationSceneManifest_Generation = YES;
				INFOPLIST_KEY_UIApplicationSupportsIndirectInputEvents = YES;
				INFOPLIST_KEY_UILaunchScreen_Generation = YES;
				INFOPLIST_KEY_UISupportedInterfaceOrientations = UIInterfaceOrientationPortrait;
				LD_RUNPATH_SEARCH_PATHS = (
					"$(inherited)",
					"@executable_path/Frameworks",
				);
				MARKETING_VERSION = 1.0;
				PRODUCT_BUNDLE_IDENTIFIER = com.germainkevin.TodoList;
				PRODUCT_NAME = "$(TARGET_NAME)";
				SWIFT_EMIT_LOC_STRINGS = YES;
				SWIFT_VERSION = 5.0;
				TARGETED_DEVICE_FAMILY = "1,2";
			};
			name = Debug;
		};
		253A5FE02AE72E440060E78E /* Release */ = {
			isa = XCBuildConfiguration;
			buildSettings = {
				ASSETCATALOG_COMPILER_APPICON_NAME = AppIcon;
				ASSETCATALOG_COMPILER_GLOBAL_ACCENT_COLOR_NAME = AccentColor;
				CODE_SIGN_STYLE = Automatic;
				CURRENT_PROJECT_VERSION = 1;
				DEVELOPMENT_ASSET_PATHS = "\"TodoList/Preview Content\"";
				ENABLE_PREVIEWS = YES;
				GENERATE_INFOPLIST_FILE = YES;
				INFOPLIST_KEY_CFBundleDisplayName = "To do List";
				INFOPLIST_KEY_LSApplicationCategoryType = "public.app-category.utilities";
				INFOPLIST_KEY_UIApplicationSceneManifest_Generation = YES;
				INFOPLIST_KEY_UIApplicationSupportsIndirectInputEvents = YES;
				INFOPLIST_KEY_UILaunchScreen_Generation = YES;
				INFOPLIST_KEY_UISupportedInterfaceOrientations = UIInterfaceOrientationPortrait;
				LD_RUNPATH_SEARCH_PATHS = (
					"$(inherited)",
					"@executable_path/Frameworks",
				);
				MARKETING_VERSION = 1.0;
				PRODUCT_BUNDLE_IDENTIFIER = com.germainkevin.TodoList;
				PRODUCT_NAME = "$(TARGET_NAME)";
				SWIFT_EMIT_LOC_STRINGS = YES;
				SWIFT_VERSION = 5.0;
				TARGETED_DEVICE_FAMILY = "1,2";
			};
			name = Release;
		};
		253A5FE22AE72E440060E78E /* Debug */ = {
			isa = XCBuildConfiguration;
			buildSettings = {
				ALWAYS_EMBED_SWIFT_STANDARD_LIBRARIES = YES;
				BUNDLE_LOADER = "$(TEST_HOST)";
				CODE_SIGN_STYLE = Automatic;
				CURRENT_PROJECT_VERSION = 1;
				GENERATE_INFOPLIST_FILE = YES;
				IPHONEOS_DEPLOYMENT_TARGET = 17.0;
				MARKETING_VERSION = 1.0;
				PRODUCT_BUNDLE_IDENTIFIER = com.germainkevin.TodoListTests;
				PRODUCT_NAME = "$(TARGET_NAME)";
				SWIFT_EMIT_LOC_STRINGS = NO;
				SWIFT_VERSION = 5.0;
				TARGETED_DEVICE_FAMILY = "1,2";
				TEST_HOST = "$(BUILT_PRODUCTS_DIR)/TodoList.app/$(BUNDLE_EXECUTABLE_FOLDER_PATH)/TodoList";
			};
			name = Debug;
		};
		253A5FE32AE72E440060E78E /* Release */ = {
			isa = XCBuildConfiguration;
			buildSettings = {
				ALWAYS_EMBED_SWIFT_STANDARD_LIBRARIES = YES;
				BUNDLE_LOADER = "$(TEST_HOST)";
				CODE_SIGN_STYLE = Automatic;
				CURRENT_PROJECT_VERSION = 1;
				GENERATE_INFOPLIST_FILE = YES;
				IPHONEOS_DEPLOYMENT_TARGET = 17.0;
				MARKETING_VERSION = 1.0;
				PRODUCT_BUNDLE_IDENTIFIER = com.germainkevin.TodoListTests;
				PRODUCT_NAME = "$(TARGET_NAME)";
				SWIFT_EMIT_LOC_STRINGS = NO;
				SWIFT_VERSION = 5.0;
				TARGETED_DEVICE_FAMILY = "1,2";
				TEST_HOST = "$(BUILT_PRODUCTS_DIR)/TodoList.app/$(BUNDLE_EXECUTABLE_FOLDER_PATH)/TodoList";
			};
			name = Release;
		};
		253A5FE52AE72E440060E78E /* Debug */ = {
			isa = XCBuildConfiguration;
			buildSettings = {
				ALWAYS_EMBED_SWIFT_STANDARD_LIBRARIES = YES;
				CODE_SIGN_STYLE = Automatic;
				CURRENT_PROJECT_VERSION = 1;
				GENERATE_INFOPLIST_FILE = YES;
				MARKETING_VERSION = 1.0;
				PRODUCT_BUNDLE_IDENTIFIER = com.germainkevin.TodoListUITests;
				PRODUCT_NAME = "$(TARGET_NAME)";
				SWIFT_EMIT_LOC_STRINGS = NO;
				SWIFT_VERSION = 5.0;
				TARGETED_DEVICE_FAMILY = "1,2";
				TEST_TARGET_NAME = TodoList;
			};
			name = Debug;
		};
		253A5FE62AE72E440060E78E /* Release */ = {
			isa = XCBuildConfiguration;
			buildSettings = {
				ALWAYS_EMBED_SWIFT_STANDARD_LIBRARIES = YES;
				CODE_SIGN_STYLE = Automatic;
				CURRENT_PROJECT_VERSION = 1;
				GENERATE_INFOPLIST_FILE = YES;
				MARKETING_VERSION = 1.0;
				PRODUCT_BUNDLE_IDENTIFIER = com.germainkevin.TodoListUITests;
				PRODUCT_NAME = "$(TARGET_NAME)";
				SWIFT_EMIT_LOC_STRINGS = NO;
				SWIFT_VERSION = 5.0;
				TARGETED_DEVICE_FAMILY = "1,2";
				TEST_TARGET_NAME = TodoList;
			};
			name = Release;
		};
/* End XCBuildConfiguration section */

/* Begin XCConfigurationList section */
		253A5FB52AE72E3E0060E78E /* Build configuration list for PBXProject "TodoList" */ = {
			isa = XCConfigurationList;
			buildConfigurations = (
				253A5FDC2AE72E440060E78E /* Debug */,
				253A5FDD2AE72E440060E78E /* Release */,
			);
			defaultConfigurationIsVisible = 0;
			defaultConfigurationName = Release;
		};
		253A5FDE2AE72E440060E78E /* Build configuration list for PBXNativeTarget "TodoList" */ = {
			isa = XCConfigurationList;
			buildConfigurations = (
				253A5FDF2AE72E440060E78E /* Debug */,
				253A5FE02AE72E440060E78E /* Release */,
			);
			defaultConfigurationIsVisible = 0;
			defaultConfigurationName = Release;
		};
		253A5FE12AE72E440060E78E /* Build configuration list for PBXNativeTarget "TodoListTests" */ = {
			isa = XCConfigurationList;
			buildConfigurations = (
				253A5FE22AE72E440060E78E /* Debug */,
				253A5FE32AE72E440060E78E /* Release */,
			);
			defaultConfigurationIsVisible = 0;
			defaultConfigurationName = Release;
		};
		253A5FE42AE72E440060E78E /* Build configuration list for PBXNativeTarget "TodoListUITests" */ = {
			isa = XCConfigurationList;
			buildConfigurations = (
				253A5FE52AE72E440060E78E /* Debug */,
				253A5FE62AE72E440060E78E /* Release */,
			);
			defaultConfigurationIsVisible = 0;
			defaultConfigurationName = Release;
		};
/* End XCConfigurationList section */

/* Begin XCRemoteSwiftPackageReference section */
		253A5FE72AE731E20060E78E /* XCRemoteSwiftPackageReference "firebase-ios-sdk" */ = {
			isa = XCRemoteSwiftPackageReference;
			repositoryURL = "https://github.com/firebase/firebase-ios-sdk";
			requirement = {
				kind = upToNextMajorVersion;
				minimumVersion = 10.16.0;
			};
		};
/* End XCRemoteSwiftPackageReference section */

/* Begin XCSwiftPackageProductDependency section */
		253A5FE82AE731E20060E78E /* FirebaseAuth */ = {
			isa = XCSwiftPackageProductDependency;
			package = 253A5FE72AE731E20060E78E /* XCRemoteSwiftPackageReference "firebase-ios-sdk" */;
			productName = FirebaseAuth;
		};
		253A5FEA2AE731E20060E78E /* FirebaseFirestore */ = {
			isa = XCSwiftPackageProductDependency;
			package = 253A5FE72AE731E20060E78E /* XCRemoteSwiftPackageReference "firebase-ios-sdk" */;
			productName = FirebaseFirestore;
		};
		253A5FEC2AE731E20060E78E /* FirebaseFirestoreSwift */ = {
			isa = XCSwiftPackageProductDependency;
			package = 253A5FE72AE731E20060E78E /* XCRemoteSwiftPackageReference "firebase-ios-sdk" */;
			productName = FirebaseFirestoreSwift;
		};
/* End XCSwiftPackageProductDependency section */
	};
	rootObject = 253A5FB22AE72E3E0060E78E /* Project object */;
}
